// !$*UTF8*$!
{
	archiveVersion = 1;
	classes = {
	};
	objectVersion = 50;
	objects = {

/* Begin PBXBuildFile section */
		29818A2022675E1D00C2EEB2 /* AppDelegate.swift in Sources */ = {isa = PBXBuildFile; fileRef = 29818A1F22675E1D00C2EEB2 /* AppDelegate.swift */; };
		29818A2222675E1D00C2EEB2 /* GameScene.sks in Resources */ = {isa = PBXBuildFile; fileRef = 29818A2122675E1D00C2EEB2 /* GameScene.sks */; };
		29818A2422675E1D00C2EEB2 /* Actions.sks in Resources */ = {isa = PBXBuildFile; fileRef = 29818A2322675E1D00C2EEB2 /* Actions.sks */; };
		29818A2622675E1D00C2EEB2 /* GameScene.swift in Sources */ = {isa = PBXBuildFile; fileRef = 29818A2522675E1D00C2EEB2 /* GameScene.swift */; };
		29818A2822675E1D00C2EEB2 /* GameViewController.swift in Sources */ = {isa = PBXBuildFile; fileRef = 29818A2722675E1D00C2EEB2 /* GameViewController.swift */; };
		29818A2B22675E1D00C2EEB2 /* Main.storyboard in Resources */ = {isa = PBXBuildFile; fileRef = 29818A2922675E1D00C2EEB2 /* Main.storyboard */; };
		29818A2D22675E1E00C2EEB2 /* Assets.xcassets in Resources */ = {isa = PBXBuildFile; fileRef = 29818A2C22675E1E00C2EEB2 /* Assets.xcassets */; };
		29818A3022675E1E00C2EEB2 /* LaunchScreen.storyboard in Resources */ = {isa = PBXBuildFile; fileRef = 29818A2E22675E1E00C2EEB2 /* LaunchScreen.storyboard */; };
		29818A4C22675FC100C2EEB2 /* explosion.mp3 in Resources */ = {isa = PBXBuildFile; fileRef = 29818A4B22675FC100C2EEB2 /* explosion.mp3 */; };
		29818A4E22675FCA00C2EEB2 /* torpedo.mp3 in Resources */ = {isa = PBXBuildFile; fileRef = 29818A4D22675FCA00C2EEB2 /* torpedo.mp3 */; };
		29818A542267614C00C2EEB2 /* spark.png in Resources */ = {isa = PBXBuildFile; fileRef = 29818A532267614C00C2EEB2 /* spark.png */; };
		29818A562267615300C2EEB2 /* Explosion.sks in Resources */ = {isa = PBXBuildFile; fileRef = 29818A552267615300C2EEB2 /* Explosion.sks */; };
		29818A582267619300C2EEB2 /* Starfield.sks in Resources */ = {isa = PBXBuildFile; fileRef = 29818A572267619300C2EEB2 /* Starfield.sks */; };
		29818A5A2267646D00C2EEB2 /* water.jpg in Resources */ = {isa = PBXBuildFile; fileRef = 29818A592267646D00C2EEB2 /* water.jpg */; };
		29818A5C226765B500C2EEB2 /* water2.jpg in Resources */ = {isa = PBXBuildFile; fileRef = 29818A5B226765B500C2EEB2 /* water2.jpg */; };
/* End PBXBuildFile section */

/* Begin PBXFileReference section */
		29818A1C22675E1D00C2EEB2 /* SpaceGame.app */ = {isa = PBXFileReference; explicitFileType = wrapper.application; includeInIndex = 0; path = SpaceGame.app; sourceTree = BUILT_PRODUCTS_DIR; };
		29818A1F22675E1D00C2EEB2 /* AppDelegate.swift */ = {isa = PBXFileReference; lastKnownFileType = sourcecode.swift; path = AppDelegate.swift; sourceTree = "<group>"; };
		29818A2122675E1D00C2EEB2 /* GameScene.sks */ = {isa = PBXFileReference; lastKnownFileType = file.sks; path = GameScene.sks; sourceTree = "<group>"; };
		29818A2322675E1D00C2EEB2 /* Actions.sks */ = {isa = PBXFileReference; lastKnownFileType = file.sks; path = Actions.sks; sourceTree = "<group>"; };
		29818A2522675E1D00C2EEB2 /* GameScene.swift */ = {isa = PBXFileReference; lastKnownFileType = sourcecode.swift; path = GameScene.swift; sourceTree = "<group>"; };
		29818A2722675E1D00C2EEB2 /* GameViewController.swift */ = {isa = PBXFileReference; lastKnownFileType = sourcecode.swift; path = GameViewController.swift; sourceTree = "<group>"; };
		29818A2A22675E1D00C2EEB2 /* Base */ = {isa = PBXFileReference; lastKnownFileType = file.storyboard; name = Base; path = Base.lproj/Main.storyboard; sourceTree = "<group>"; };
		29818A2C22675E1E00C2EEB2 /* Assets.xcassets */ = {isa = PBXFileReference; lastKnownFileType = folder.assetcatalog; path = Assets.xcassets; sourceTree = "<group>"; };
		29818A2F22675E1E00C2EEB2 /* Base */ = {isa = PBXFileReference; lastKnownFileType = file.storyboard; name = Base; path = Base.lproj/LaunchScreen.storyboard; sourceTree = "<group>"; };
		29818A3122675E1E00C2EEB2 /* Info.plist */ = {isa = PBXFileReference; lastKnownFileType = text.plist.xml; path = Info.plist; sourceTree = "<group>"; };
		29818A4B22675FC100C2EEB2 /* explosion.mp3 */ = {isa = PBXFileReference; lastKnownFileType = audio.mp3; path = explosion.mp3; sourceTree = "<group>"; };
		29818A4D22675FCA00C2EEB2 /* torpedo.mp3 */ = {isa = PBXFileReference; lastKnownFileType = audio.mp3; path = torpedo.mp3; sourceTree = "<group>"; };
		29818A532267614C00C2EEB2 /* spark.png */ = {isa = PBXFileReference; lastKnownFileType = image.png; path = spark.png; sourceTree = "<group>"; };
		29818A552267615300C2EEB2 /* Explosion.sks */ = {isa = PBXFileReference; lastKnownFileType = file.sks; path = Explosion.sks; sourceTree = "<group>"; };
		29818A572267619300C2EEB2 /* Starfield.sks */ = {isa = PBXFileReference; lastKnownFileType = file.sks; path = Starfield.sks; sourceTree = "<group>"; };
		29818A592267646D00C2EEB2 /* water.jpg */ = {isa = PBXFileReference; lastKnownFileType = image.jpeg; path = water.jpg; sourceTree = "<group>"; };
		29818A5B226765B500C2EEB2 /* water2.jpg */ = {isa = PBXFileReference; lastKnownFileType = image.jpeg; path = water2.jpg; sourceTree = "<group>"; };
/* End PBXFileReference section */

/* Begin PBXFrameworksBuildPhase section */
		29818A1922675E1D00C2EEB2 /* Frameworks */ = {
			isa = PBXFrameworksBuildPhase;
			buildActionMask = 2147483647;
			files = (
			);
			runOnlyForDeploymentPostprocessing = 0;
		};
/* End PBXFrameworksBuildPhase section */

/* Begin PBXGroup section */
		29818A1322675E1D00C2EEB2 = {
			isa = PBXGroup;
			children = (
				29818A1E22675E1D00C2EEB2 /* SpaceGame */,
				29818A1D22675E1D00C2EEB2 /* Products */,
			);
			sourceTree = "<group>";
		};
		29818A1D22675E1D00C2EEB2 /* Products */ = {
			isa = PBXGroup;
			children = (
				29818A1C22675E1D00C2EEB2 /* SpaceGame.app */,
			);
			name = Products;
			sourceTree = "<group>";
		};
		29818A1E22675E1D00C2EEB2 /* SpaceGame */ = {
			isa = PBXGroup;
			children = (
				29818A1F22675E1D00C2EEB2 /* AppDelegate.swift */,
				29818A2122675E1D00C2EEB2 /* GameScene.sks */,
				29818A2322675E1D00C2EEB2 /* Actions.sks */,
				29818A552267615300C2EEB2 /* Explosion.sks */,
				29818A532267614C00C2EEB2 /* spark.png */,
				29818A592267646D00C2EEB2 /* water.jpg */,
				29818A572267619300C2EEB2 /* Starfield.sks */,
				29818A5B226765B500C2EEB2 /* water2.jpg */,
				29818A2522675E1D00C2EEB2 /* GameScene.swift */,
				29818A2722675E1D00C2EEB2 /* GameViewController.swift */,
				29818A2922675E1D00C2EEB2 /* Main.storyboard */,
				29818A4B22675FC100C2EEB2 /* explosion.mp3 */,
				29818A4D22675FCA00C2EEB2 /* torpedo.mp3 */,
				29818A2C22675E1E00C2EEB2 /* Assets.xcassets */,
				29818A2E22675E1E00C2EEB2 /* LaunchScreen.storyboard */,
				29818A3122675E1E00C2EEB2 /* Info.plist */,
			);
			path = SpaceGame;
			sourceTree = "<group>";
		};
/* End PBXGroup section */

/* Begin PBXNativeTarget section */
		29818A1B22675E1D00C2EEB2 /* SpaceGame */ = {
			isa = PBXNativeTarget;
			buildConfigurationList = 29818A3422675E1E00C2EEB2 /* Build configuration list for PBXNativeTarget "SpaceGame" */;
			buildPhases = (
				29818A1822675E1D00C2EEB2 /* Sources */,
				29818A1922675E1D00C2EEB2 /* Frameworks */,
				29818A1A22675E1D00C2EEB2 /* Resources */,
			);
			buildRules = (
			);
			dependencies = (
			);
			name = SpaceGame;
			productName = SpaceGame;
			productReference = 29818A1C22675E1D00C2EEB2 /* SpaceGame.app */;
			productType = "com.apple.product-type.application";
		};
/* End PBXNativeTarget section */

/* Begin PBXProject section */
		29818A1422675E1D00C2EEB2 /* Project object */ = {
			isa = PBXProject;
			attributes = {
				LastSwiftUpdateCheck = 1010;
				LastUpgradeCheck = 1010;
				ORGANIZATIONNAME = "Jessica Lowry";
				TargetAttributes = {
					29818A1B22675E1D00C2EEB2 = {
						CreatedOnToolsVersion = 10.1;
					};
				};
			};
			buildConfigurationList = 29818A1722675E1D00C2EEB2 /* Build configuration list for PBXProject "SpaceGame" */;
			compatibilityVersion = "Xcode 9.3";
			developmentRegion = en;
			hasScannedForEncodings = 0;
			knownRegions = (
				en,
				Base,
			);
			mainGroup = 29818A1322675E1D00C2EEB2;
			productRefGroup = 29818A1D22675E1D00C2EEB2 /* Products */;
			projectDirPath = "";
			projectRoot = "";
			targets = (
				29818A1B22675E1D00C2EEB2 /* SpaceGame */,
			);
		};
/* End PBXProject section */

/* Begin PBXResourcesBuildPhase section */
		29818A1A22675E1D00C2EEB2 /* Resources */ = {
			isa = PBXResourcesBuildPhase;
			buildActionMask = 2147483647;
			files = (
				29818A4E22675FCA00C2EEB2 /* torpedo.mp3 in Resources */,
				29818A4C22675FC100C2EEB2 /* explosion.mp3 in Resources */,
				29818A582267619300C2EEB2 /* Starfield.sks in Resources */,
				29818A2B22675E1D00C2EEB2 /* Main.storyboard in Resources */,
				29818A2222675E1D00C2EEB2 /* GameScene.sks in Resources */,
				29818A2D22675E1E00C2EEB2 /* Assets.xcassets in Resources */,
				29818A542267614C00C2EEB2 /* spark.png in Resources */,
				29818A3022675E1E00C2EEB2 /* LaunchScreen.storyboard in Resources */,
				29818A5A2267646D00C2EEB2 /* water.jpg in Resources */,
				29818A2422675E1D00C2EEB2 /* Actions.sks in Resources */,
				29818A5C226765B500C2EEB2 /* water2.jpg in Resources */,
				29818A562267615300C2EEB2 /* Explosion.sks in Resources */,
			);
			runOnlyForDeploymentPostprocessing = 0;
		};
/* End PBXResourcesBuildPhase section */

/* Begin PBXSourcesBuildPhase section */
		29818A1822675E1D00C2EEB2 /* Sources */ = {
			isa = PBXSourcesBuildPhase;
			buildActionMask = 2147483647;
			files = (
				29818A2622675E1D00C2EEB2 /* GameScene.swift in Sources */,
				29818A2822675E1D00C2EEB2 /* GameViewController.swift in Sources */,
				29818A2022675E1D00C2EEB2 /* AppDelegate.swift in Sources */,
			);
			runOnlyForDeploymentPostprocessing = 0;
		};
/* End PBXSourcesBuildPhase section */

/* Begin PBXVariantGroup section */
		29818A2922675E1D00C2EEB2 /* Main.storyboard */ = {
			isa = PBXVariantGroup;
			children = (
				29818A2A22675E1D00C2EEB2 /* Base */,
			);
			name = Main.storyboard;
			sourceTree = "<group>";
		};
		29818A2E22675E1E00C2EEB2 /* LaunchScreen.storyboard */ = {
			isa = PBXVariantGroup;
			children = (
				29818A2F22675E1E00C2EEB2 /* Base */,
			);
			name = LaunchScreen.storyboard;
			sourceTree = "<group>";
		};
/* End PBXVariantGroup section */

/* Begin XCBuildConfiguration section */
		29818A3222675E1E00C2EEB2 /* Debug */ = {
			isa = XCBuildConfiguration;
			buildSettings = {
				ALWAYS_SEARCH_USER_PATHS = NO;
				CLANG_ANALYZER_NONNULL = YES;
				CLANG_ANALYZER_NUMBER_OBJECT_CONVERSION = YES_AGGRESSIVE;
				CLANG_CXX_LANGUAGE_STANDARD = "gnu++14";
				CLANG_CXX_LIBRARY = "libc++";
				CLANG_ENABLE_MODULES = YES;
				CLANG_ENABLE_OBJC_ARC = YES;
				CLANG_ENABLE_OBJC_WEAK = YES;
				CLANG_WARN_BLOCK_CAPTURE_AUTORELEASING = YES;
				CLANG_WARN_BOOL_CONVERSION = YES;
				CLANG_WARN_COMMA = YES;
				CLANG_WARN_CONSTANT_CONVERSION = YES;
				CLANG_WARN_DEPRECATED_OBJC_IMPLEMENTATIONS = YES;
				CLANG_WARN_DIRECT_OBJC_ISA_USAGE = YES_ERROR;
				CLANG_WARN_DOCUMENTATION_COMMENTS = YES;
				CLANG_WARN_EMPTY_BODY = YES;
				CLANG_WARN_ENUM_CONVERSION = YES;
				CLANG_WARN_INFINITE_RECURSION = YES;
				CLANG_WARN_INT_CONVERSION = YES;
				CLANG_WARN_NON_LITERAL_NULL_CONVERSION = YES;
				CLANG_WARN_OBJC_IMPLICIT_RETAIN_SELF = YES;
				CLANG_WARN_OBJC_LITERAL_CONVERSION = YES;
				CLANG_WARN_OBJC_ROOT_CLASS = YES_ERROR;
				CLANG_WARN_RANGE_LOOP_ANALYSIS = YES;
				CLANG_WARN_STRICT_PROTOTYPES = YES;
				CLANG_WARN_SUSPICIOUS_MOVE = YES;
				CLANG_WARN_UNGUARDED_AVAILABILITY = YES_AGGRESSIVE;
				CLANG_WARN_UNREACHABLE_CODE = YES;
				CLANG_WARN__DUPLICATE_METHOD_MATCH = YES;
				CODE_SIGN_IDENTITY = "iPhone Developer";
				COPY_PHASE_STRIP = NO;
				DEBUG_INFORMATION_FORMAT = dwarf;
				ENABLE_STRICT_OBJC_MSGSEND = YES;
				ENABLE_TESTABILITY = YES;
				GCC_C_LANGUAGE_STANDARD = gnu11;
				GCC_DYNAMIC_NO_PIC = NO;
				GCC_NO_COMMON_BLOCKS = YES;
				GCC_OPTIMIZATION_LEVEL = 0;
				GCC_PREPROCESSOR_DEFINITIONS = (
					"DEBUG=1",
					"$(inherited)",
				);
				GCC_WARN_64_TO_32_BIT_CONVERSION = YES;
				GCC_WARN_ABOUT_RETURN_TYPE = YES_ERROR;
				GCC_WARN_UNDECLARED_SELECTOR = YES;
				GCC_WARN_UNINITIALIZED_AUTOS = YES_AGGRESSIVE;
				GCC_WARN_UNUSED_FUNCTION = YES;
				GCC_WARN_UNUSED_VARIABLE = YES;
				IPHONEOS_DEPLOYMENT_TARGET = 12.1;
				MTL_ENABLE_DEBUG_INFO = INCLUDE_SOURCE;
				MTL_FAST_MATH = YES;
				ONLY_ACTIVE_ARCH = YES;
				SDKROOT = iphoneos;
				SWIFT_ACTIVE_COMPILATION_CONDITIONS = DEBUG;
				SWIFT_OPTIMIZATION_LEVEL = "-Onone";
			};
			name = Debug;
		};
		29818A3322675E1E00C2EEB2 /* Release */ = {
			isa = XCBuildConfiguration;
			buildSettings = {
				ALWAYS_SEARCH_USER_PATHS = NO;
				CLANG_ANALYZER_NONNULL = YES;
				CLANG_ANALYZER_NUMBER_OBJECT_CONVERSION = YES_AGGRESSIVE;
				CLANG_CXX_LANGUAGE_STANDARD = "gnu++14";
				CLANG_CXX_LIBRARY = "libc++";
				CLANG_ENABLE_MODULES = YES;
				CLANG_ENABLE_OBJC_ARC = YES;
				CLANG_ENABLE_OBJC_WEAK = YES;
				CLANG_WARN_BLOCK_CAPTURE_AUTORELEASING = YES;
				CLANG_WARN_BOOL_CONVERSION = YES;
				CLANG_WARN_COMMA = YES;
				CLANG_WARN_CONSTANT_CONVERSION = YES;
				CLANG_WARN_DEPRECATED_OBJC_IMPLEMENTATIONS = YES;
				CLANG_WARN_DIRECT_OBJC_ISA_USAGE = YES_ERROR;
				CLANG_WARN_DOCUMENTATION_COMMENTS = YES;
				CLANG_WARN_EMPTY_BODY = YES;
				CLANG_WARN_ENUM_CONVERSION = YES;
				CLANG_WARN_INFINITE_RECURSION = YES;
				CLANG_WARN_INT_CONVERSION = YES;
				CLANG_WARN_NON_LITERAL_NULL_CONVERSION = YES;
				CLANG_WARN_OBJC_IMPLICIT_RETAIN_SELF = YES;
				CLANG_WARN_OBJC_LITERAL_CONVERSION = YES;
				CLANG_WARN_OBJC_ROOT_CLASS = YES_ERROR;
				CLANG_WARN_RANGE_LOOP_ANALYSIS = YES;
				CLANG_WARN_STRICT_PROTOTYPES = YES;
				CLANG_WARN_SUSPICIOUS_MOVE = YES;
				CLANG_WARN_UNGUARDED_AVAILABILITY = YES_AGGRESSIVE;
				CLANG_WARN_UNREACHABLE_CODE = YES;
				CLANG_WARN__DUPLICATE_METHOD_MATCH = YES;
				CODE_SIGN_IDENTITY = "iPhone Developer";
				COPY_PHASE_STRIP = NO;
				DEBUG_INFORMATION_FORMAT = "dwarf-with-dsym";
				ENABLE_NS_ASSERTIONS = NO;
				ENABLE_STRICT_OBJC_MSGSEND = YES;
				GCC_C_LANGUAGE_STANDARD = gnu11;
				GCC_NO_COMMON_BLOCKS = YES;
				GCC_WARN_64_TO_32_BIT_CONVERSION = YES;
				GCC_WARN_ABOUT_RETURN_TYPE = YES_ERROR;
				GCC_WARN_UNDECLARED_SELECTOR = YES;
				GCC_WARN_UNINITIALIZED_AUTOS = YES_AGGRESSIVE;
				GCC_WARN_UNUSED_FUNCTION = YES;
				GCC_WARN_UNUSED_VARIABLE = YES;
				IPHONEOS_DEPLOYMENT_TARGET = 12.1;
				MTL_ENABLE_DEBUG_INFO = NO;
				MTL_FAST_MATH = YES;
				SDKROOT = iphoneos;
				SWIFT_COMPILATION_MODE = wholemodule;
				SWIFT_OPTIMIZATION_LEVEL = "-O";
				VALIDATE_PRODUCT = YES;
			};
			name = Release;
		};
		29818A3522675E1E00C2EEB2 /* Debug */ = {
			isa = XCBuildConfiguration;
			buildSettings = {
				ASSETCATALOG_COMPILER_APPICON_NAME = AppIcon;
				CODE_SIGN_STYLE = Automatic;
				INFOPLIST_FILE = SpaceGame/Info.plist;
				LD_RUNPATH_SEARCH_PATHS = (
					"$(inherited)",
					"@executable_path/Frameworks",
				);
				PRODUCT_BUNDLE_IDENTIFIER = acu.edu.SpaceGame;
				PRODUCT_NAME = "$(TARGET_NAME)";
				SWIFT_VERSION = 4.2;
				TARGETED_DEVICE_FAMILY = "1,2";
			};
			name = Debug;
		};
		29818A3622675E1E00C2EEB2 /* Release */ = {
			isa = XCBuildConfiguration;
			buildSettings = {
				ASSETCATALOG_COMPILER_APPICON_NAME = AppIcon;
				CODE_SIGN_STYLE = Automatic;
				INFOPLIST_FILE = SpaceGame/Info.plist;
				LD_RUNPATH_SEARCH_PATHS = (
					"$(inherited)",
					"@executable_path/Frameworks",
				);
				PRODUCT_BUNDLE_IDENTIFIER = acu.edu.SpaceGame;
				PRODUCT_NAME = "$(TARGET_NAME)";
				SWIFT_VERSION = 4.2;
				TARGETED_DEVICE_FAMILY = "1,2";
			};
			name = Release;
		};
/* End XCBuildConfiguration section */

/* Begin XCConfigurationList section */
		29818A1722675E1D00C2EEB2 /* Build configuration list for PBXProject "SpaceGame" */ = {
			isa = XCConfigurationList;
			buildConfigurations = (
				29818A3222675E1E00C2EEB2 /* Debug */,
				29818A3322675E1E00C2EEB2 /* Release */,
			);
			defaultConfigurationIsVisible = 0;
			defaultConfigurationName = Release;
		};
		29818A3422675E1E00C2EEB2 /* Build configuration list for PBXNativeTarget "SpaceGame" */ = {
			isa = XCConfigurationList;
			buildConfigurations = (
				29818A3522675E1E00C2EEB2 /* Debug */,
				29818A3622675E1E00C2EEB2 /* Release */,
			);
			defaultConfigurationIsVisible = 0;
			defaultConfigurationName = Release;
		};
/* End XCConfigurationList section */
	};
	rootObject = 29818A1422675E1D00C2EEB2 /* Project object */;
}
